<?xml version="1.0" encoding="utf-8"?>
<Project ToolsVersion="4.0" xmlns="http://schemas.microsoft.com/developer/msbuild/2003">
  <ItemGroup>
    <Filter Include="소스 파일">
      <UniqueIdentifier>{4FC737F1-C7A5-4376-A066-2A32D752A2FF}</UniqueIdentifier>
      <Extensions>cpp;c;cc;cxx;c++;cppm;ixx;def;odl;idl;hpj;bat;asm;asmx</Extensions>
    </Filter>
    <Filter Include="헤더 파일">
      <UniqueIdentifier>{93995380-89BD-4b04-88EB-625FBE52EBFB}</UniqueIdentifier>
      <Extensions>h;hh;hpp;hxx;h++;hm;inl;inc;ipp;xsd</Extensions>
    </Filter>
    <Filter Include="리소스 파일">
      <UniqueIdentifier>{67DA6AB6-F800-4c08-8B7A-83BB121AAD01}</UniqueIdentifier>
      <Extensions>rc;ico;cur;bmp;dlg;rc2;rct;bin;rgs;gif;jpg;jpeg;jpe;resx;tiff;tif;png;wav;mfcribbon-ms</Extensions>
    </Filter>
  </ItemGroup>
  <ItemGroup>
    <Text Include="inputs\input_1926.txt" />
    <Text Include="inputs\input_2007.txt" />
    <Text Include="inputs\input_1989.txt" />
    <Text Include="inputs\input_1983.txt" />
    <Text Include="inputs\input_1986.txt" />
    <Text Include="inputs\input_1945.txt" />
    <Text Include="inputs\input_1948.txt" />
    <Text Include="inputs\input_1954.txt" />
    <Text Include="inputs\input_1984.txt" />
    <Text Include="inputs\input_1284.txt" />
    <Text Include="inputs\input_1285.txt" />
    <Text Include="inputs\input_1288.txt" />
    <Text Include="inputs\input_1928.txt" />
    <Text Include="inputs\input_1940.txt" />
    <Text Include="inputs\input_14692.txt" />
    <Text Include="inputs\input_14555.txt" />
    <Text Include="inputs\input_13218.txt" />
    <Text Include="inputs\input_13547.txt" />
    <Text Include="inputs\input_14178.txt" />
    <Text Include="inputs\input_12368.txt" />
    <Text Include="inputs\input_12221.txt" />
    <Text Include="inputs\input_11856.txt" />
    <Text Include="inputs\input_13229.txt" />
    <Text Include="inputs\input_11736.txt" />
    <Text Include="inputs\input_11688.txt" />
    <Text Include="inputs\input_10804.txt" />
    <Text Include="inputs\input_10912.txt" />
    <Text Include="inputs\input_10505.txt" />
    <Text Include="inputs\input_10200.txt" />
    <Text Include="inputs\input_9997.txt" />
    <Text Include="inputs\input_1217.txt" />
  </ItemGroup>
  <ItemGroup>
    <None Include="inputs\input_2005.txt" />
  </ItemGroup>
</Project>